
Microsoft Visual Studio Solution File, Format Version 12.00
Project("{FAE04EC0-301F-11D3-BF4B-00C04F79EFBC}") = "Commands", "Commands.csproj", "{B14757B1-F319-43AE-8734-58DFD1D94500}"
EndProject
Global
	GlobalSection(SolutionConfigurationPlatforms) = preSolution
		Debug|Any CPU = Debug|Any CPU
		Release|Any CPU = Release|Any CPU
	EndGlobalSection
	GlobalSection(ProjectConfigurationPlatforms) = postSolution
		{B14757B1-F319-43AE-8734-58DFD1D94500}.Debug|Any CPU.ActiveCfg = Debug|Any CPU
		{B14757B1-F319-43AE-8734-58DFD1D94500}.Debug|Any CPU.Build.0 = Debug|Any CPU
		{B14757B1-F319-43AE-8734-58DFD1D94500}.Release|Any CPU.ActiveCfg = Release|Any CPU
		{B14757B1-F319-43AE-8734-58DFD1D94500}.Release|Any CPU.Build.0 = Release|Any CPU
	EndGlobalSection
EndGlobal
