// !$*UTF8*$!
{
	archiveVersion = 1;
	classes = {
	};
	objectVersion = 77;
	objects = {

/* Begin PBXBuildFile section */
		15CCDA632D7D90E3CC9292AB /* AddTaskIntent.swift in Sources */ = {isa = PBXBuildFile; fileRef = B0551C3579148BC83303F1BF /* AddTaskIntent.swift */; };
		1A0B5037D6A491F17C9C6CE8 /* FacetBackgroundTasks.swift in Sources */ = {isa = PBXBuildFile; fileRef = 16E5FAAB06F3019475B51FBC /* FacetBackgroundTasks.swift */; };
		2152BC46B66CE6EC5542E377 /* ThirdPartyNotices.txt in Resources */ = {isa = PBXBuildFile; fileRef = F8C245C44AB0D651366FB161 /* ThirdPartyNotices.txt */; };
		346852036A4FE2AD0150F607 /* WidgetTaskData.swift in Sources */ = {isa = PBXBuildFile; fileRef = DDA151A27A535E9FA36866B7 /* WidgetTaskData.swift */; };
		3C44E83452BCAB256C22B944 /* FirstPartyLicense.txt in Resources */ = {isa = PBXBuildFile; fileRef = B3597F195C7228F52ACBCDA6 /* FirstPartyLicense.txt */; };
		3CF03EA3A6136D76C0F60D02 /* TaskNotesFacetUI in Frameworks */ = {isa = PBXBuildFile; productRef = 8E93EF9EAB1C58E3A2EE7FE9 /* TaskNotesFacetUI */; };
		450C86296E7C5C954C7B83B5 /* TaskNotesKit in Frameworks */ = {isa = PBXBuildFile; productRef = E7863B45044A7056D1557AFF /* TaskNotesKit */; };
		4E6985EC943E01996BBC1153 /* TodayTasksProvider.swift in Sources */ = {isa = PBXBuildFile; fileRef = C6BF83CBECB8F58FCC65ADA5 /* TodayTasksProvider.swift */; };
		5E35F12DFBC5E4D7348AFDBD /* StandaloneTaskTests.swift in Sources */ = {isa = PBXBuildFile; fileRef = 4C1FE2E1714BD10C069C8089 /* StandaloneTaskTests.swift */; };
		5FD7C4C5B836E6573B5BC8D6 /* native-license-inventory.json in Resources */ = {isa = PBXBuildFile; fileRef = 8CDC691E8EC7FF52D91BE422 /* native-license-inventory.json */; };
		627CDAC192B0737973D4B7D7 /* PrivacyInfo.xcprivacy in Resources */ = {isa = PBXBuildFile; fileRef = EC8628C61F82B35854041D56 /* PrivacyInfo.xcprivacy */; };
		64907EA8AEB3D46D7849F719 /* FacetSurfaceFixtures.swift in Sources */ = {isa = PBXBuildFile; fileRef = 79DE99B929CC788F441D435B /* FacetSurfaceFixtures.swift */; };
		653D4BE33D88FAB27BA1D25F /* TaskNotesFacetUI in Frameworks */ = {isa = PBXBuildFile; productRef = 5E72BC67665E5578FA52DD2C /* TaskNotesFacetUI */; };
		7334E2D08BECCBCFF0276DD4 /* ShowTodayIntent.swift in Sources */ = {isa = PBXBuildFile; fileRef = BAAE9579B3F7C4994E642188 /* ShowTodayIntent.swift */; };
		7FC704D0EB54DDB12208A276 /* QuickAddControl.swift in Sources */ = {isa = PBXBuildFile; fileRef = 53407DF630BC00824148CE26 /* QuickAddControl.swift */; };
		8115E6B624D505275BD876C6 /* TasksWidgetBundle.swift in Sources */ = {isa = PBXBuildFile; fileRef = CAF24620168AF2CDDE7ACD24 /* TasksWidgetBundle.swift */; };
		90203752117D2A4D09AB1816 /* TaskShortcutsProvider.swift in Sources */ = {isa = PBXBuildFile; fileRef = 723F2DEE626C06A660A4022D /* TaskShortcutsProvider.swift */; };
		96EBFAA80520FA6A14F9B2B8 /* FacetApp.swift in Sources */ = {isa = PBXBuildFile; fileRef = 9E2F39573B7D1B833BA08ACD /* FacetApp.swift */; };
		A6F3F9F4DDCF4D154097C4A4 /* Images.xcassets in Resources */ = {isa = PBXBuildFile; fileRef = 9AA2B4C15E18713C3F2425A2 /* Images.xcassets */; };
		BA193902757571848D61269F /* TodayTasksWidget.swift in Sources */ = {isa = PBXBuildFile; fileRef = A8E83C6DA31E3B637A745D46 /* TodayTasksWidget.swift */; };
		C67365CB821A80210909E7DE /* TaskNotesKit in Frameworks */ = {isa = PBXBuildFile; productRef = 6ED2E69C5C7F08C7894ED288 /* TaskNotesKit */; };
		CA2C3018BB6189460AB63160 /* ComponentKeys.swift in Sources */ = {isa = PBXBuildFile; fileRef = 5D62E6AFDB17C7FB87674C26 /* ComponentKeys.swift */; };
		CC2B1A38C105224F135EE31D /* NativeCheckpointTests.swift in Sources */ = {isa = PBXBuildFile; fileRef = D86DDC74750E83E474D98304 /* NativeCheckpointTests.swift */; };
		E3D436BA38277C0B7D67D49C /* ThirdPartyNotices.txt in Resources */ = {isa = PBXBuildFile; fileRef = F8C245C44AB0D651366FB161 /* ThirdPartyNotices.txt */; };
		E5749667862993D2E64EBB46 /* TaskNotesKit in Frameworks */ = {isa = PBXBuildFile; productRef = EF3123F128552877ED5CD5F8 /* TaskNotesKit */; };
		E69FC13BAD3F31D581B981EC /* FacetDelightGalleryFixtures.swift in Sources */ = {isa = PBXBuildFile; fileRef = EC73F7B09BE57D9707A6260B /* FacetDelightGalleryFixtures.swift */; };
		ED6889804A3E2E9123972097 /* FirstPartyLicense.txt in Resources */ = {isa = PBXBuildFile; fileRef = B3597F195C7228F52ACBCDA6 /* FirstPartyLicense.txt */; };
		EF814BFF430D1C983C5BC731 /* PrivacyInfo.xcprivacy in Resources */ = {isa = PBXBuildFile; fileRef = 198212E9090D23DE654809E2 /* PrivacyInfo.xcprivacy */; };
		EFD1F47D87968383F5256030 /* FacetNativeGalleryFixtures.swift in Sources */ = {isa = PBXBuildFile; fileRef = 626B3A877EB679DAB5B584C9 /* FacetNativeGalleryFixtures.swift */; };
		F510B6887C8F927D63054FA9 /* native-license-inventory.json in Resources */ = {isa = PBXBuildFile; fileRef = 8CDC691E8EC7FF52D91BE422 /* native-license-inventory.json */; };
		FC9246240CCF7A1091C8FC9A /* TasksWidget.appex in Embed Foundation Extensions */ = {isa = PBXBuildFile; fileRef = 9881866560205578B184C28C /* TasksWidget.appex */; settings = {ATTRIBUTES = (RemoveHeadersOnCopy, ); }; };
/* End PBXBuildFile section */

/* Begin PBXContainerItemProxy section */
		27DC1F75260E4DF2B38D6FC2 /* PBXContainerItemProxy */ = {
			isa = PBXContainerItemProxy;
			containerPortal = 0AD24AC74D13FFB8C544A0CC /* Project object */;
			proxyType = 1;
			remoteGlobalIDString = C472C3CC4582577161EB935C;
			remoteInfo = TasksForObsidian;
		};
		C52B0AA0FAF1718DE9F6DE0C /* PBXContainerItemProxy */ = {
			isa = PBXContainerItemProxy;
			containerPortal = 0AD24AC74D13FFB8C544A0CC /* Project object */;
			proxyType = 1;
			remoteGlobalIDString = C472C3CC4582577161EB935C;
			remoteInfo = TasksForObsidian;
		};
		FBD5B756E8053DC0000384EA /* PBXContainerItemProxy */ = {
			isa = PBXContainerItemProxy;
			containerPortal = 0AD24AC74D13FFB8C544A0CC /* Project object */;
			proxyType = 1;
			remoteGlobalIDString = 1C1FDA23D5E68FFBBB9F5DBA;
			remoteInfo = TasksWidget;
		};
/* End PBXContainerItemProxy section */

/* Begin PBXCopyFilesBuildPhase section */
		74F2661727D1A2924C8A5386 /* Embed Foundation Extensions */ = {
			isa = PBXCopyFilesBuildPhase;
			buildActionMask = 2147483647;
			dstPath = "";
			dstSubfolderSpec = 13;
			files = (
				FC9246240CCF7A1091C8FC9A /* TasksWidget.appex in Embed Foundation Extensions */,
			);
			name = "Embed Foundation Extensions";
			runOnlyForDeploymentPostprocessing = 0;
		};
/* End PBXCopyFilesBuildPhase section */

/* Begin PBXFileReference section */
		16E5FAAB06F3019475B51FBC /* FacetBackgroundTasks.swift */ = {isa = PBXFileReference; lastKnownFileType = sourcecode.swift; path = FacetBackgroundTasks.swift; sourceTree = "<group>"; };
		198212E9090D23DE654809E2 /* PrivacyInfo.xcprivacy */ = {isa = PBXFileReference; path = PrivacyInfo.xcprivacy; sourceTree = "<group>"; };
		1EE9D7CEE006787A1AE6023F /* FacetPresentationTests.xctest */ = {isa = PBXFileReference; includeInIndex = 0; lastKnownFileType = wrapper.cfbundle; path = FacetPresentationTests.xctest; sourceTree = BUILT_PRODUCTS_DIR; };
		32DC94CF5EEA15A26B6B524F /* TasksForObsidianUITests.xctest */ = {isa = PBXFileReference; includeInIndex = 0; lastKnownFileType = wrapper.cfbundle; path = TasksForObsidianUITests.xctest; sourceTree = BUILT_PRODUCTS_DIR; };
		4C1FE2E1714BD10C069C8089 /* StandaloneTaskTests.swift */ = {isa = PBXFileReference; lastKnownFileType = sourcecode.swift; path = StandaloneTaskTests.swift; sourceTree = "<group>"; };
		53407DF630BC00824148CE26 /* QuickAddControl.swift */ = {isa = PBXFileReference; lastKnownFileType = sourcecode.swift; path = QuickAddControl.swift; sourceTree = "<group>"; };
		5D62E6AFDB17C7FB87674C26 /* ComponentKeys.swift */ = {isa = PBXFileReference; lastKnownFileType = sourcecode.swift; path = ComponentKeys.swift; sourceTree = "<group>"; };
		626B3A877EB679DAB5B584C9 /* FacetNativeGalleryFixtures.swift */ = {isa = PBXFileReference; lastKnownFileType = sourcecode.swift; path = FacetNativeGalleryFixtures.swift; sourceTree = "<group>"; };
		723F2DEE626C06A660A4022D /* TaskShortcutsProvider.swift */ = {isa = PBXFileReference; lastKnownFileType = sourcecode.swift; path = TaskShortcutsProvider.swift; sourceTree = "<group>"; };
		79DE99B929CC788F441D435B /* FacetSurfaceFixtures.swift */ = {isa = PBXFileReference; lastKnownFileType = sourcecode.swift; path = FacetSurfaceFixtures.swift; sourceTree = "<group>"; };
		8CDC691E8EC7FF52D91BE422 /* native-license-inventory.json */ = {isa = PBXFileReference; lastKnownFileType = text.json; path = "native-license-inventory.json"; sourceTree = "<group>"; };
		948471B3C8F8B0172CDCBCD5 /* tasknotes-macos */ = {isa = PBXFileReference; lastKnownFileType = folder; name = "tasknotes-macos"; path = "../../tasknotes-macos"; sourceTree = SOURCE_ROOT; };
		9881866560205578B184C28C /* TasksWidget.appex */ = {isa = PBXFileReference; includeInIndex = 0; lastKnownFileType = "wrapper.app-extension"; path = TasksWidget.appex; sourceTree = BUILT_PRODUCTS_DIR; };
		9AA2B4C15E18713C3F2425A2 /* Images.xcassets */ = {isa = PBXFileReference; lastKnownFileType = folder.assetcatalog; path = Images.xcassets; sourceTree = "<group>"; };
		9E2F39573B7D1B833BA08ACD /* FacetApp.swift */ = {isa = PBXFileReference; lastKnownFileType = sourcecode.swift; path = FacetApp.swift; sourceTree = "<group>"; };
		A5B7AB076CD71F50C048C052 /* TasksForObsidian.app */ = {isa = PBXFileReference; includeInIndex = 0; lastKnownFileType = wrapper.application; path = TasksForObsidian.app; sourceTree = BUILT_PRODUCTS_DIR; };
		A8E83C6DA31E3B637A745D46 /* TodayTasksWidget.swift */ = {isa = PBXFileReference; lastKnownFileType = sourcecode.swift; path = TodayTasksWidget.swift; sourceTree = "<group>"; };
		AB98B37994A7CE6C1C8EBEDA /* Info.plist */ = {isa = PBXFileReference; lastKnownFileType = text.plist; path = Info.plist; sourceTree = "<group>"; };
		B0551C3579148BC83303F1BF /* AddTaskIntent.swift */ = {isa = PBXFileReference; lastKnownFileType = sourcecode.swift; path = AddTaskIntent.swift; sourceTree = "<group>"; };
		B3597F195C7228F52ACBCDA6 /* FirstPartyLicense.txt */ = {isa = PBXFileReference; lastKnownFileType = text; path = FirstPartyLicense.txt; sourceTree = "<group>"; };
		BAAE9579B3F7C4994E642188 /* ShowTodayIntent.swift */ = {isa = PBXFileReference; lastKnownFileType = sourcecode.swift; path = ShowTodayIntent.swift; sourceTree = "<group>"; };
		C6BF83CBECB8F58FCC65ADA5 /* TodayTasksProvider.swift */ = {isa = PBXFileReference; lastKnownFileType = sourcecode.swift; path = TodayTasksProvider.swift; sourceTree = "<group>"; };
		CAF24620168AF2CDDE7ACD24 /* TasksWidgetBundle.swift */ = {isa = PBXFileReference; lastKnownFileType = sourcecode.swift; path = TasksWidgetBundle.swift; sourceTree = "<group>"; };
		D86DDC74750E83E474D98304 /* NativeCheckpointTests.swift */ = {isa = PBXFileReference; lastKnownFileType = sourcecode.swift; path = NativeCheckpointTests.swift; sourceTree = "<group>"; };
		DDA151A27A535E9FA36866B7 /* WidgetTaskData.swift */ = {isa = PBXFileReference; lastKnownFileType = sourcecode.swift; path = WidgetTaskData.swift; sourceTree = "<group>"; };
		EAC0D0E1DE43BD5AD7367A49 /* Info.plist */ = {isa = PBXFileReference; lastKnownFileType = text.plist; path = Info.plist; sourceTree = "<group>"; };
		EC73F7B09BE57D9707A6260B /* FacetDelightGalleryFixtures.swift */ = {isa = PBXFileReference; lastKnownFileType = sourcecode.swift; path = FacetDelightGalleryFixtures.swift; sourceTree = "<group>"; };
		EC8628C61F82B35854041D56 /* PrivacyInfo.xcprivacy */ = {isa = PBXFileReference; path = PrivacyInfo.xcprivacy; sourceTree = "<group>"; };
		F8C245C44AB0D651366FB161 /* ThirdPartyNotices.txt */ = {isa = PBXFileReference; lastKnownFileType = text; path = ThirdPartyNotices.txt; sourceTree = "<group>"; };
/* End PBXFileReference section */

/* Begin PBXFrameworksBuildPhase section */
		14852B8428DAFDDA9DA2BA08 /* Frameworks */ = {
			isa = PBXFrameworksBuildPhase;
			buildActionMask = 2147483647;
			files = (
				653D4BE33D88FAB27BA1D25F /* TaskNotesFacetUI in Frameworks */,
				450C86296E7C5C954C7B83B5 /* TaskNotesKit in Frameworks */,
			);
			runOnlyForDeploymentPostprocessing = 0;
		};
		9783FB38CA32CA68456CA03C /* Frameworks */ = {
			isa = PBXFrameworksBuildPhase;
			buildActionMask = 2147483647;
			files = (
				E5749667862993D2E64EBB46 /* TaskNotesKit in Frameworks */,
			);
			runOnlyForDeploymentPostprocessing = 0;
		};
		B09DCDBD9015D1616365854C /* Frameworks */ = {
			isa = PBXFrameworksBuildPhase;
			buildActionMask = 2147483647;
			files = (
				3CF03EA3A6136D76C0F60D02 /* TaskNotesFacetUI in Frameworks */,
				C67365CB821A80210909E7DE /* TaskNotesKit in Frameworks */,
			);
			runOnlyForDeploymentPostprocessing = 0;
		};
/* End PBXFrameworksBuildPhase section */

/* Begin PBXGroup section */
		11BFFDE88EEF284D42538686 /* Products */ = {
			isa = PBXGroup;
			children = (
				1EE9D7CEE006787A1AE6023F /* FacetPresentationTests.xctest */,
				A5B7AB076CD71F50C048C052 /* TasksForObsidian.app */,
				32DC94CF5EEA15A26B6B524F /* TasksForObsidianUITests.xctest */,
				9881866560205578B184C28C /* TasksWidget.appex */,
			);
			name = Products;
			sourceTree = "<group>";
		};
		1AAEB9824313465DDDA12145 /* ios */ = {
			isa = PBXGroup;
			children = (
				B3597F195C7228F52ACBCDA6 /* FirstPartyLicense.txt */,
				8CDC691E8EC7FF52D91BE422 /* native-license-inventory.json */,
				F8C245C44AB0D651366FB161 /* ThirdPartyNotices.txt */,
			);
			name = ios;
			path = "../../tasknotes-macos/Resources/ios";
			sourceTree = "<group>";
		};
		3025569A2F02805E1C62636A /* FacetPresentationTests */ = {
			isa = PBXGroup;
			children = (
				D86DDC74750E83E474D98304 /* NativeCheckpointTests.swift */,
			);
			path = FacetPresentationTests;
			sourceTree = "<group>";
		};
		500FA6BDBE5C4560D1709129 /* Facet */ = {
			isa = PBXGroup;
			children = (
				9E2F39573B7D1B833BA08ACD /* FacetApp.swift */,
				16E5FAAB06F3019475B51FBC /* FacetBackgroundTasks.swift */,
				EAC0D0E1DE43BD5AD7367A49 /* Info.plist */,
			);
			path = Facet;
			sourceTree = "<group>";
		};
		75584E90AE0A829202CC5248 = {
			isa = PBXGroup;
			children = (
				500FA6BDBE5C4560D1709129 /* Facet */,
				3025569A2F02805E1C62636A /* FacetPresentationTests */,
				89466CA39BB94F6E5FC50406 /* FacetUITests */,
				AA7F34AC8106BA1B07CDA3B5 /* Intents */,
				1AAEB9824313465DDDA12145 /* ios */,
				FB068F4E4FAA83256ACCAB33 /* Packages */,
				A4E4217B6C583D05C0BACA13 /* Support */,
				FB4472FA046702E8BD0471AA /* TasksForObsidian */,
				87E06775827324601297C34A /* TasksWidget */,
				11BFFDE88EEF284D42538686 /* Products */,
			);
			sourceTree = "<group>";
		};
		87E06775827324601297C34A /* TasksWidget */ = {
			isa = PBXGroup;
			children = (
				AB98B37994A7CE6C1C8EBEDA /* Info.plist */,
				198212E9090D23DE654809E2 /* PrivacyInfo.xcprivacy */,
				53407DF630BC00824148CE26 /* QuickAddControl.swift */,
				CAF24620168AF2CDDE7ACD24 /* TasksWidgetBundle.swift */,
				C6BF83CBECB8F58FCC65ADA5 /* TodayTasksProvider.swift */,
				A8E83C6DA31E3B637A745D46 /* TodayTasksWidget.swift */,
				DDA151A27A535E9FA36866B7 /* WidgetTaskData.swift */,
			);
			path = TasksWidget;
			sourceTree = "<group>";
		};
		89466CA39BB94F6E5FC50406 /* FacetUITests */ = {
			isa = PBXGroup;
			children = (
				4C1FE2E1714BD10C069C8089 /* StandaloneTaskTests.swift */,
			);
			path = FacetUITests;
			sourceTree = "<group>";
		};
		A4E4217B6C583D05C0BACA13 /* Support */ = {
			isa = PBXGroup;
			children = (
				5D62E6AFDB17C7FB87674C26 /* ComponentKeys.swift */,
				EC73F7B09BE57D9707A6260B /* FacetDelightGalleryFixtures.swift */,
				626B3A877EB679DAB5B584C9 /* FacetNativeGalleryFixtures.swift */,
				79DE99B929CC788F441D435B /* FacetSurfaceFixtures.swift */,
			);
			name = Support;
			path = "../../tasknotes-macos/Tests/TaskNotesMacTests/Support";
			sourceTree = "<group>";
		};
		AA7F34AC8106BA1B07CDA3B5 /* Intents */ = {
			isa = PBXGroup;
			children = (
				B0551C3579148BC83303F1BF /* AddTaskIntent.swift */,
				BAAE9579B3F7C4994E642188 /* ShowTodayIntent.swift */,
				723F2DEE626C06A660A4022D /* TaskShortcutsProvider.swift */,
			);
			name = Intents;
			path = TasksForObsidian/Intents;
			sourceTree = "<group>";
		};
		FB068F4E4FAA83256ACCAB33 /* Packages */ = {
			isa = PBXGroup;
			children = (
				948471B3C8F8B0172CDCBCD5 /* tasknotes-macos */,
			);
			name = Packages;
			sourceTree = "<group>";
		};
		FB4472FA046702E8BD0471AA /* TasksForObsidian */ = {
			isa = PBXGroup;
			children = (
				9AA2B4C15E18713C3F2425A2 /* Images.xcassets */,
				EC8628C61F82B35854041D56 /* PrivacyInfo.xcprivacy */,
			);
			path = TasksForObsidian;
			sourceTree = "<group>";
		};
/* End PBXGroup section */

/* Begin PBXNativeTarget section */
		1C1FDA23D5E68FFBBB9F5DBA /* TasksWidget */ = {
			isa = PBXNativeTarget;
			buildConfigurationList = CCECDE03C38CD1A1A9A35DE5 /* Build configuration list for PBXNativeTarget "TasksWidget" */;
			buildPhases = (
				75372319AD467F95D7A73878 /* Sources */,
				DCC467316E9E7D2B81D1FC7E /* Resources */,
				9783FB38CA32CA68456CA03C /* Frameworks */,
			);
			buildRules = (
			);
			dependencies = (
			);
			name = TasksWidget;
			packageProductDependencies = (
				EF3123F128552877ED5CD5F8 /* TaskNotesKit */,
			);
			productName = TasksWidget;
			productReference = 9881866560205578B184C28C /* TasksWidget.appex */;
			productType = "com.apple.product-type.app-extension";
		};
		349FC8E984C7BC055399DCB1 /* FacetPresentationTests */ = {
			isa = PBXNativeTarget;
			buildConfigurationList = 01EAA229CD4EF1390CF406FE /* Build configuration list for PBXNativeTarget "FacetPresentationTests" */;
			buildPhases = (
				9CA0FA83B8E518D56E8A50B1 /* Sources */,
				14852B8428DAFDDA9DA2BA08 /* Frameworks */,
			);
			buildRules = (
			);
			dependencies = (
				585A06418F8DA3A3E1FC709A /* PBXTargetDependency */,
			);
			name = FacetPresentationTests;
			packageProductDependencies = (
				5E72BC67665E5578FA52DD2C /* TaskNotesFacetUI */,
				E7863B45044A7056D1557AFF /* TaskNotesKit */,
			);
			productName = FacetPresentationTests;
			productReference = 1EE9D7CEE006787A1AE6023F /* FacetPresentationTests.xctest */;
			productType = "com.apple.product-type.bundle.unit-test";
		};
		AD0560CD53A29237C5B89EF1 /* TasksForObsidianUITests */ = {
			isa = PBXNativeTarget;
			buildConfigurationList = DC5A2B4938132A310A72B301 /* Build configuration list for PBXNativeTarget "TasksForObsidianUITests" */;
			buildPhases = (
				AB01E8EA44665B893D89F0F6 /* Sources */,
			);
			buildRules = (
			);
			dependencies = (
				653A5535434E79A48CE2F4E6 /* PBXTargetDependency */,
			);
			name = TasksForObsidianUITests;
			packageProductDependencies = (
			);
			productName = TasksForObsidianUITests;
			productReference = 32DC94CF5EEA15A26B6B524F /* TasksForObsidianUITests.xctest */;
			productType = "com.apple.product-type.bundle.ui-testing";
		};
		C472C3CC4582577161EB935C /* TasksForObsidian */ = {
			isa = PBXNativeTarget;
			buildConfigurationList = 32B92EC7BDEFD4DCB0762DF6 /* Build configuration list for PBXNativeTarget "TasksForObsidian" */;
			buildPhases = (
				D58ABB52DED34412230E4E39 /* Sources */,
				803663BF41195A58A3C91BD0 /* Resources */,
				B09DCDBD9015D1616365854C /* Frameworks */,
				74F2661727D1A2924C8A5386 /* Embed Foundation Extensions */,
			);
			buildRules = (
			);
			dependencies = (
				DE6426495B3B454F53B1E73E /* PBXTargetDependency */,
			);
			name = TasksForObsidian;
			packageProductDependencies = (
				8E93EF9EAB1C58E3A2EE7FE9 /* TaskNotesFacetUI */,
				6ED2E69C5C7F08C7894ED288 /* TaskNotesKit */,
			);
			productName = TasksForObsidian;
			productReference = A5B7AB076CD71F50C048C052 /* TasksForObsidian.app */;
			productType = "com.apple.product-type.application";
		};
/* End PBXNativeTarget section */

/* Begin PBXProject section */
		0AD24AC74D13FFB8C544A0CC /* Project object */ = {
			isa = PBXProject;
			attributes = {
				BuildIndependentTargetsInParallel = YES;
				LastUpgradeCheck = 1430;
				TargetAttributes = {
					1C1FDA23D5E68FFBBB9F5DBA = {
						ProvisioningStyle = Automatic;
					};
					349FC8E984C7BC055399DCB1 = {
						ProvisioningStyle = Automatic;
					};
					AD0560CD53A29237C5B89EF1 = {
						ProvisioningStyle = Automatic;
						TestTargetID = C472C3CC4582577161EB935C;
					};
					C472C3CC4582577161EB935C = {
						ProvisioningStyle = Automatic;
					};
				};
			};
			buildConfigurationList = FD40881EFA0504254C5AECA3 /* Build configuration list for PBXProject "TasksForObsidian" */;
			developmentRegion = en;
			hasScannedForEncodings = 0;
			knownRegions = (
				Base,
				en,
			);
			mainGroup = 75584E90AE0A829202CC5248;
			minimizedProjectReferenceProxies = 1;
			packageReferences = (
				DD65A4504B0C422BA08653FD /* XCLocalSwiftPackageReference "../../tasknotes-macos" */,
			);
			preferredProjectObjectVersion = 77;
			productRefGroup = 11BFFDE88EEF284D42538686 /* Products */;
			projectDirPath = "";
			projectRoot = "";
			targets = (
				C472C3CC4582577161EB935C /* TasksForObsidian */,
				1C1FDA23D5E68FFBBB9F5DBA /* TasksWidget */,
				AD0560CD53A29237C5B89EF1 /* TasksForObsidianUITests */,
				349FC8E984C7BC055399DCB1 /* FacetPresentationTests */,
			);
		};
/* End PBXProject section */

/* Begin PBXResourcesBuildPhase section */
		803663BF41195A58A3C91BD0 /* Resources */ = {
			isa = PBXResourcesBuildPhase;
			buildActionMask = 2147483647;
			files = (
				ED6889804A3E2E9123972097 /* FirstPartyLicense.txt in Resources */,
				A6F3F9F4DDCF4D154097C4A4 /* Images.xcassets in Resources */,
				627CDAC192B0737973D4B7D7 /* PrivacyInfo.xcprivacy in Resources */,
				E3D436BA38277C0B7D67D49C /* ThirdPartyNotices.txt in Resources */,
				5FD7C4C5B836E6573B5BC8D6 /* native-license-inventory.json in Resources */,
			);
			runOnlyForDeploymentPostprocessing = 0;
		};
		DCC467316E9E7D2B81D1FC7E /* Resources */ = {
			isa = PBXResourcesBuildPhase;
			buildActionMask = 2147483647;
			files = (
				3C44E83452BCAB256C22B944 /* FirstPartyLicense.txt in Resources */,
				EF814BFF430D1C983C5BC731 /* PrivacyInfo.xcprivacy in Resources */,
				2152BC46B66CE6EC5542E377 /* ThirdPartyNotices.txt in Resources */,
				F510B6887C8F927D63054FA9 /* native-license-inventory.json in Resources */,
			);
			runOnlyForDeploymentPostprocessing = 0;
		};
/* End PBXResourcesBuildPhase section */

/* Begin PBXSourcesBuildPhase section */
		75372319AD467F95D7A73878 /* Sources */ = {
			isa = PBXSourcesBuildPhase;
			buildActionMask = 2147483647;
			files = (
				7FC704D0EB54DDB12208A276 /* QuickAddControl.swift in Sources */,
				8115E6B624D505275BD876C6 /* TasksWidgetBundle.swift in Sources */,
				4E6985EC943E01996BBC1153 /* TodayTasksProvider.swift in Sources */,
				BA193902757571848D61269F /* TodayTasksWidget.swift in Sources */,
				346852036A4FE2AD0150F607 /* WidgetTaskData.swift in Sources */,
			);
			runOnlyForDeploymentPostprocessing = 0;
		};
		9CA0FA83B8E518D56E8A50B1 /* Sources */ = {
			isa = PBXSourcesBuildPhase;
			buildActionMask = 2147483647;
			files = (
				CA2C3018BB6189460AB63160 /* ComponentKeys.swift in Sources */,
				E69FC13BAD3F31D581B981EC /* FacetDelightGalleryFixtures.swift in Sources */,
				EFD1F47D87968383F5256030 /* FacetNativeGalleryFixtures.swift in Sources */,
				64907EA8AEB3D46D7849F719 /* FacetSurfaceFixtures.swift in Sources */,
				CC2B1A38C105224F135EE31D /* NativeCheckpointTests.swift in Sources */,
			);
			runOnlyForDeploymentPostprocessing = 0;
		};
		AB01E8EA44665B893D89F0F6 /* Sources */ = {
			isa = PBXSourcesBuildPhase;
			buildActionMask = 2147483647;
			files = (
				5E35F12DFBC5E4D7348AFDBD /* StandaloneTaskTests.swift in Sources */,
			);
			runOnlyForDeploymentPostprocessing = 0;
		};
		D58ABB52DED34412230E4E39 /* Sources */ = {
			isa = PBXSourcesBuildPhase;
			buildActionMask = 2147483647;
			files = (
				15CCDA632D7D90E3CC9292AB /* AddTaskIntent.swift in Sources */,
				96EBFAA80520FA6A14F9B2B8 /* FacetApp.swift in Sources */,
				1A0B5037D6A491F17C9C6CE8 /* FacetBackgroundTasks.swift in Sources */,
				7334E2D08BECCBCFF0276DD4 /* ShowTodayIntent.swift in Sources */,
				90203752117D2A4D09AB1816 /* TaskShortcutsProvider.swift in Sources */,
			);
			runOnlyForDeploymentPostprocessing = 0;
		};
/* End PBXSourcesBuildPhase section */

/* Begin PBXTargetDependency section */
		585A06418F8DA3A3E1FC709A /* PBXTargetDependency */ = {
			isa = PBXTargetDependency;
			target = C472C3CC4582577161EB935C /* TasksForObsidian */;
			targetProxy = C52B0AA0FAF1718DE9F6DE0C /* PBXContainerItemProxy */;
		};
		653A5535434E79A48CE2F4E6 /* PBXTargetDependency */ = {
			isa = PBXTargetDependency;
			target = C472C3CC4582577161EB935C /* TasksForObsidian */;
			targetProxy = 27DC1F75260E4DF2B38D6FC2 /* PBXContainerItemProxy */;
		};
		DE6426495B3B454F53B1E73E /* PBXTargetDependency */ = {
			isa = PBXTargetDependency;
			target = 1C1FDA23D5E68FFBBB9F5DBA /* TasksWidget */;
			targetProxy = FBD5B756E8053DC0000384EA /* PBXContainerItemProxy */;
		};
/* End PBXTargetDependency section */

/* Begin XCBuildConfiguration section */
		09E5EFFC500983657441BA68 /* Debug */ = {
			isa = XCBuildConfiguration;
			buildSettings = {
				BUNDLE_LOADER = "$(TEST_HOST)";
				GENERATE_INFOPLIST_FILE = YES;
				LD_RUNPATH_SEARCH_PATHS = (
					"$(inherited)",
					"@executable_path/Frameworks",
					"@loader_path/Frameworks",
				);
				PRODUCT_BUNDLE_IDENTIFIER = org.reactjs.native.example.TasksForObsidian.UITests;
				SDKROOT = iphoneos;
				TARGETED_DEVICE_FAMILY = "1,2";
				TEST_TARGET_NAME = TasksForObsidian;
			};
			name = Debug;
		};
		158326C13AE88402CDE3CC9D /* Release */ = {
			isa = XCBuildConfiguration;
			buildSettings = {
				ASSETCATALOG_COMPILER_APPICON_NAME = AppIcon;
				CODE_SIGN_ENTITLEMENTS = TasksForObsidian/TasksForObsidian.entitlements;
				CODE_SIGN_IDENTITY = "iPhone Developer";
				INFOPLIST_FILE = Facet/Info.plist;
				LD_RUNPATH_SEARCH_PATHS = (
					"$(inherited)",
					"@executable_path/Frameworks",
				);
				PRODUCT_BUNDLE_IDENTIFIER = org.reactjs.native.example.TasksForObsidian;
				PRODUCT_NAME = TasksForObsidian;
				SDKROOT = iphoneos;
				SWIFT_DEFAULT_ACTOR_ISOLATION = MainActor;
				TARGETED_DEVICE_FAMILY = "1,2";
			};
			name = Release;
		};
		2CBEE1B04D10AC43DF760A38 /* Debug */ = {
			isa = XCBuildConfiguration;
			buildSettings = {
				ASSETCATALOG_COMPILER_APPICON_NAME = AppIcon;
				CODE_SIGN_ENTITLEMENTS = TasksForObsidian/TasksForObsidian.entitlements;
				CODE_SIGN_IDENTITY = "iPhone Developer";
				INFOPLIST_FILE = Facet/Info.plist;
				LD_RUNPATH_SEARCH_PATHS = (
					"$(inherited)",
					"@executable_path/Frameworks",
				);
				PRODUCT_BUNDLE_IDENTIFIER = org.reactjs.native.example.TasksForObsidian;
				PRODUCT_NAME = TasksForObsidian;
				SDKROOT = iphoneos;
				SWIFT_DEFAULT_ACTOR_ISOLATION = MainActor;
				TARGETED_DEVICE_FAMILY = "1,2";
			};
			name = Debug;
		};
		3D228099674DA12462CBBDA9 /* Release */ = {
			isa = XCBuildConfiguration;
			buildSettings = {
				BUNDLE_LOADER = "$(TEST_HOST)";
				GENERATE_INFOPLIST_FILE = YES;
				LD_RUNPATH_SEARCH_PATHS = (
					"$(inherited)",
					"@executable_path/Frameworks",
					"@loader_path/Frameworks",
				);
				PRODUCT_BUNDLE_IDENTIFIER = red.sjer.facet.presentation.tests;
				SDKROOT = iphoneos;
				SWIFT_STRICT_MEMORY_SAFETY = YES;
				TARGETED_DEVICE_FAMILY = "1,2";
				TEST_HOST = "$(BUILT_PRODUCTS_DIR)/TasksForObsidian.app/TasksForObsidian";
			};
			name = Release;
		};
		41852FB6B5761F2120306AF9 /* Debug */ = {
			isa = XCBuildConfiguration;
			buildSettings = {
				ALWAYS_SEARCH_USER_PATHS = NO;
				CLANG_ANALYZER_NONNULL = YES;
				CLANG_ANALYZER_NUMBER_OBJECT_CONVERSION = YES_AGGRESSIVE;
				CLANG_CXX_LANGUAGE_STANDARD = "gnu++14";
				CLANG_CXX_LIBRARY = "libc++";
				CLANG_ENABLE_MODULES = YES;
				CLANG_ENABLE_OBJC_ARC = YES;
				CLANG_ENABLE_OBJC_WEAK = YES;
				CLANG_WARN_BLOCK_CAPTURE_AUTORELEASING = YES;
				CLANG_WARN_BOOL_CONVERSION = YES;
				CLANG_WARN_COMMA = YES;
				CLANG_WARN_CONSTANT_CONVERSION = YES;
				CLANG_WARN_DEPRECATED_OBJC_IMPLEMENTATIONS = YES;
				CLANG_WARN_DIRECT_OBJC_ISA_USAGE = YES_ERROR;
				CLANG_WARN_DOCUMENTATION_COMMENTS = YES;
				CLANG_WARN_EMPTY_BODY = YES;
				CLANG_WARN_ENUM_CONVERSION = YES;
				CLANG_WARN_INFINITE_RECURSION = YES;
				CLANG_WARN_INT_CONVERSION = YES;
				CLANG_WARN_NON_LITERAL_NULL_CONVERSION = YES;
				CLANG_WARN_OBJC_IMPLICIT_RETAIN_SELF = YES;
				CLANG_WARN_OBJC_LITERAL_CONVERSION = YES;
				CLANG_WARN_OBJC_ROOT_CLASS = YES_ERROR;
				CLANG_WARN_QUOTED_INCLUDE_IN_FRAMEWORK_HEADER = YES;
				CLANG_WARN_RANGE_LOOP_ANALYSIS = YES;
				CLANG_WARN_STRICT_PROTOTYPES = YES;
				CLANG_WARN_SUSPICIOUS_MOVE = YES;
				CLANG_WARN_UNGUARDED_AVAILABILITY = YES_AGGRESSIVE;
				CLANG_WARN_UNREACHABLE_CODE = YES;
				CLANG_WARN__DUPLICATE_METHOD_MATCH = YES;
				CODE_SIGN_STYLE = Automatic;
				COPY_PHASE_STRIP = NO;
				CURRENT_PROJECT_VERSION = 1;
				DEBUG_INFORMATION_FORMAT = dwarf;
				ENABLE_STRICT_OBJC_MSGSEND = YES;
				ENABLE_TESTABILITY = YES;
				GCC_C_LANGUAGE_STANDARD = gnu11;
				GCC_DYNAMIC_NO_PIC = NO;
				GCC_NO_COMMON_BLOCKS = YES;
				GCC_OPTIMIZATION_LEVEL = 0;
				GCC_PREPROCESSOR_DEFINITIONS = (
					"$(inherited)",
					"DEBUG=1",
				);
				GCC_WARN_64_TO_32_BIT_CONVERSION = YES;
				GCC_WARN_ABOUT_RETURN_TYPE = YES_ERROR;
				GCC_WARN_UNDECLARED_SELECTOR = YES;
				GCC_WARN_UNINITIALIZED_AUTOS = YES_AGGRESSIVE;
				GCC_WARN_UNUSED_FUNCTION = YES;
				GCC_WARN_UNUSED_VARIABLE = YES;
				IPHONEOS_DEPLOYMENT_TARGET = 18.0;
				MARKETING_VERSION = 0.1.0;
				MTL_ENABLE_DEBUG_INFO = INCLUDE_SOURCE;
				MTL_FAST_MATH = YES;
				ONLY_ACTIVE_ARCH = YES;
				PRODUCT_NAME = "$(TARGET_NAME)";
				SDKROOT = iphoneos;
				SWIFT_ACTIVE_COMPILATION_CONDITIONS = DEBUG;
				SWIFT_OPTIMIZATION_LEVEL = "-Onone";
				SWIFT_STRICT_CONCURRENCY = complete;
				SWIFT_TREAT_WARNINGS_AS_ERRORS = YES;
				SWIFT_VERSION = 6;
				TARGETED_DEVICE_FAMILY = "1,2";
			};
			name = Debug;
		};
		7C401BF5A529145D12CB7295 /* Release */ = {
			isa = XCBuildConfiguration;
			buildSettings = {
				ALWAYS_SEARCH_USER_PATHS = NO;
				CLANG_ANALYZER_NONNULL = YES;
				CLANG_ANALYZER_NUMBER_OBJECT_CONVERSION = YES_AGGRESSIVE;
				CLANG_CXX_LANGUAGE_STANDARD = "gnu++14";
				CLANG_CXX_LIBRARY = "libc++";
				CLANG_ENABLE_MODULES = YES;
				CLANG_ENABLE_OBJC_ARC = YES;
				CLANG_ENABLE_OBJC_WEAK = YES;
				CLANG_WARN_BLOCK_CAPTURE_AUTORELEASING = YES;
				CLANG_WARN_BOOL_CONVERSION = YES;
				CLANG_WARN_COMMA = YES;
				CLANG_WARN_CONSTANT_CONVERSION = YES;
				CLANG_WARN_DEPRECATED_OBJC_IMPLEMENTATIONS = YES;
				CLANG_WARN_DIRECT_OBJC_ISA_USAGE = YES_ERROR;
				CLANG_WARN_DOCUMENTATION_COMMENTS = YES;
				CLANG_WARN_EMPTY_BODY = YES;
				CLANG_WARN_ENUM_CONVERSION = YES;
				CLANG_WARN_INFINITE_RECURSION = YES;
				CLANG_WARN_INT_CONVERSION = YES;
				CLANG_WARN_NON_LITERAL_NULL_CONVERSION = YES;
				CLANG_WARN_OBJC_IMPLICIT_RETAIN_SELF = YES;
				CLANG_WARN_OBJC_LITERAL_CONVERSION = YES;
				CLANG_WARN_OBJC_ROOT_CLASS = YES_ERROR;
				CLANG_WARN_QUOTED_INCLUDE_IN_FRAMEWORK_HEADER = YES;
				CLANG_WARN_RANGE_LOOP_ANALYSIS = YES;
				CLANG_WARN_STRICT_PROTOTYPES = YES;
				CLANG_WARN_SUSPICIOUS_MOVE = YES;
				CLANG_WARN_UNGUARDED_AVAILABILITY = YES_AGGRESSIVE;
				CLANG_WARN_UNREACHABLE_CODE = YES;
				CLANG_WARN__DUPLICATE_METHOD_MATCH = YES;
				CODE_SIGN_STYLE = Automatic;
				COPY_PHASE_STRIP = NO;
				CURRENT_PROJECT_VERSION = 1;
				DEBUG_INFORMATION_FORMAT = "dwarf-with-dsym";
				ENABLE_NS_ASSERTIONS = NO;
				ENABLE_STRICT_OBJC_MSGSEND = YES;
				GCC_C_LANGUAGE_STANDARD = gnu11;
				GCC_NO_COMMON_BLOCKS = YES;
				GCC_WARN_64_TO_32_BIT_CONVERSION = YES;
				GCC_WARN_ABOUT_RETURN_TYPE = YES_ERROR;
				GCC_WARN_UNDECLARED_SELECTOR = YES;
				GCC_WARN_UNINITIALIZED_AUTOS = YES_AGGRESSIVE;
				GCC_WARN_UNUSED_FUNCTION = YES;
				GCC_WARN_UNUSED_VARIABLE = YES;
				IPHONEOS_DEPLOYMENT_TARGET = 18.0;
				MARKETING_VERSION = 0.1.0;
				MTL_ENABLE_DEBUG_INFO = NO;
				MTL_FAST_MATH = YES;
				PRODUCT_NAME = "$(TARGET_NAME)";
				SDKROOT = iphoneos;
				SWIFT_COMPILATION_MODE = wholemodule;
				SWIFT_OPTIMIZATION_LEVEL = "-O";
				SWIFT_STRICT_CONCURRENCY = complete;
				SWIFT_TREAT_WARNINGS_AS_ERRORS = YES;
				SWIFT_VERSION = 6;
				TARGETED_DEVICE_FAMILY = "1,2";
			};
			name = Release;
		};
		7E96874E26651A0B45BA614F /* Release */ = {
			isa = XCBuildConfiguration;
			buildSettings = {
				BUNDLE_LOADER = "$(TEST_HOST)";
				GENERATE_INFOPLIST_FILE = YES;
				LD_RUNPATH_SEARCH_PATHS = (
					"$(inherited)",
					"@executable_path/Frameworks",
					"@loader_path/Frameworks",
				);
				PRODUCT_BUNDLE_IDENTIFIER = org.reactjs.native.example.TasksForObsidian.UITests;
				SDKROOT = iphoneos;
				TARGETED_DEVICE_FAMILY = "1,2";
				TEST_TARGET_NAME = TasksForObsidian;
			};
			name = Release;
		};
		C383E8B5869FCAE21C8440FF /* Debug */ = {
			isa = XCBuildConfiguration;
			buildSettings = {
				BUNDLE_LOADER = "$(TEST_HOST)";
				GENERATE_INFOPLIST_FILE = YES;
				LD_RUNPATH_SEARCH_PATHS = (
					"$(inherited)",
					"@executable_path/Frameworks",
					"@loader_path/Frameworks",
				);
				PRODUCT_BUNDLE_IDENTIFIER = red.sjer.facet.presentation.tests;
				SDKROOT = iphoneos;
				SWIFT_STRICT_MEMORY_SAFETY = YES;
				TARGETED_DEVICE_FAMILY = "1,2";
				TEST_HOST = "$(BUILT_PRODUCTS_DIR)/TasksForObsidian.app/TasksForObsidian";
			};
			name = Debug;
		};
		E07AC7C0FB045F4DA6474FCC /* Debug */ = {
			isa = XCBuildConfiguration;
			buildSettings = {
				APPLICATION_EXTENSION_API_ONLY = YES;
				CODE_SIGN_ENTITLEMENTS = TasksWidget/TasksWidget.entitlements;
				INFOPLIST_FILE = TasksWidget/Info.plist;
				LD_RUNPATH_SEARCH_PATHS = (
					"$(inherited)",
					"@executable_path/Frameworks",
					"@executable_path/../../Frameworks",
				);
				PRODUCT_BUNDLE_IDENTIFIER = org.reactjs.native.example.TasksForObsidian.TasksWidget;
				SDKROOT = iphoneos;
				SKIP_INSTALL = YES;
				TARGETED_DEVICE_FAMILY = "1,2";
			};
			name = Debug;
		};
		FC35FACCB274ADC07072E502 /* Release */ = {
			isa = XCBuildConfiguration;
			buildSettings = {
				APPLICATION_EXTENSION_API_ONLY = YES;
				CODE_SIGN_ENTITLEMENTS = TasksWidget/TasksWidget.entitlements;
				INFOPLIST_FILE = TasksWidget/Info.plist;
				LD_RUNPATH_SEARCH_PATHS = (
					"$(inherited)",
					"@executable_path/Frameworks",
					"@executable_path/../../Frameworks",
				);
				PRODUCT_BUNDLE_IDENTIFIER = org.reactjs.native.example.TasksForObsidian.TasksWidget;
				SDKROOT = iphoneos;
				SKIP_INSTALL = YES;
				TARGETED_DEVICE_FAMILY = "1,2";
			};
			name = Release;
		};
/* End XCBuildConfiguration section */

/* Begin XCConfigurationList section */
		01EAA229CD4EF1390CF406FE /* Build configuration list for PBXNativeTarget "FacetPresentationTests" */ = {
			isa = XCConfigurationList;
			buildConfigurations = (
				C383E8B5869FCAE21C8440FF /* Debug */,
				3D228099674DA12462CBBDA9 /* Release */,
			);
			defaultConfigurationIsVisible = 0;
			defaultConfigurationName = Debug;
		};
		32B92EC7BDEFD4DCB0762DF6 /* Build configuration list for PBXNativeTarget "TasksForObsidian" */ = {
			isa = XCConfigurationList;
			buildConfigurations = (
				2CBEE1B04D10AC43DF760A38 /* Debug */,
				158326C13AE88402CDE3CC9D /* Release */,
			);
			defaultConfigurationIsVisible = 0;
			defaultConfigurationName = Debug;
		};
		CCECDE03C38CD1A1A9A35DE5 /* Build configuration list for PBXNativeTarget "TasksWidget" */ = {
			isa = XCConfigurationList;
			buildConfigurations = (
				E07AC7C0FB045F4DA6474FCC /* Debug */,
				FC35FACCB274ADC07072E502 /* Release */,
			);
			defaultConfigurationIsVisible = 0;
			defaultConfigurationName = Debug;
		};
		DC5A2B4938132A310A72B301 /* Build configuration list for PBXNativeTarget "TasksForObsidianUITests" */ = {
			isa = XCConfigurationList;
			buildConfigurations = (
				09E5EFFC500983657441BA68 /* Debug */,
				7E96874E26651A0B45BA614F /* Release */,
			);
			defaultConfigurationIsVisible = 0;
			defaultConfigurationName = Debug;
		};
		FD40881EFA0504254C5AECA3 /* Build configuration list for PBXProject "TasksForObsidian" */ = {
			isa = XCConfigurationList;
			buildConfigurations = (
				41852FB6B5761F2120306AF9 /* Debug */,
				7C401BF5A529145D12CB7295 /* Release */,
			);
			defaultConfigurationIsVisible = 0;
			defaultConfigurationName = Debug;
		};
/* End XCConfigurationList section */

/* Begin XCLocalSwiftPackageReference section */
		DD65A4504B0C422BA08653FD /* XCLocalSwiftPackageReference "../../tasknotes-macos" */ = {
			isa = XCLocalSwiftPackageReference;
			relativePath = "../../tasknotes-macos";
		};
/* End XCLocalSwiftPackageReference section */

/* Begin XCSwiftPackageProductDependency section */
		5E72BC67665E5578FA52DD2C /* TaskNotesFacetUI */ = {
			isa = XCSwiftPackageProductDependency;
			productName = TaskNotesFacetUI;
		};
		6ED2E69C5C7F08C7894ED288 /* TaskNotesKit */ = {
			isa = XCSwiftPackageProductDependency;
			productName = TaskNotesKit;
		};
		8E93EF9EAB1C58E3A2EE7FE9 /* TaskNotesFacetUI */ = {
			isa = XCSwiftPackageProductDependency;
			productName = TaskNotesFacetUI;
		};
		E7863B45044A7056D1557AFF /* TaskNotesKit */ = {
			isa = XCSwiftPackageProductDependency;
			productName = TaskNotesKit;
		};
		EF3123F128552877ED5CD5F8 /* TaskNotesKit */ = {
			isa = XCSwiftPackageProductDependency;
			productName = TaskNotesKit;
		};
/* End XCSwiftPackageProductDependency section */
	};
	rootObject = 0AD24AC74D13FFB8C544A0CC /* Project object */;
}
