{
  "version": 2,
  "dependencies": {
    "net10.0": {
      "Microsoft.Testing.Extensions.AzureDevOpsReport": {
        "type": "Direct",
        "requested": "[2.4.1, )",
        "resolved": "2.4.1",
        "contentHash": "ji5U2oEazJ62fZOtso4uf1nFf2WRpW3hDiSQPkBWg5f/kUpOXyNqnMQd18ymxYsaZr1AKyuJUgX+gYk1aRlL4A==",
        "dependencies": {
          "Microsoft.Extensions.FileSystemGlobbing": "9.0.4",
          "Microsoft.Testing.Platform": "[2.4.1, 3.0.0)"
        }
      },
      "Microsoft.Testing.Extensions.CodeCoverage": {
        "type": "Direct",
        "requested": "[18.11.0, )",
        "resolved": "18.11.0",
        "contentHash": "Kqzpt/I7tmXn5qudrmMj4GMGNuFOtN591KqSOTB+rPfWXS/l3I9o742YKiqagQuXzmydX+6BiI9yINZu05vmxA==",
        "dependencies": {
          "Microsoft.DiaSymReader": "2.2.10",
          "Microsoft.Extensions.DependencyModel": "10.0.10",
          "Microsoft.Testing.Platform": "2.4.0"
        }
      },
      "Microsoft.Testing.Extensions.CrashDump": {
        "type": "Direct",
        "requested": "[2.4.1, )",
        "resolved": "2.4.1",
        "contentHash": "HwfdRV4Qk8xRcWo8b/m1MG4j+J7AAmqu3Xn+xZc3rVACDSJge9OfBp+f3O/zW8nkKtDves+7SG9a/DY4Ml00xA==",
        "dependencies": {
          "Microsoft.Testing.Extensions.TrxReport.Abstractions": "2.4.1",
          "Microsoft.Testing.Platform": "[2.4.1, 3.0.0)"
        }
      },
      "Microsoft.Testing.Extensions.Fakes": {
        "type": "Direct",
        "requested": "[18.1.1, )",
        "resolved": "18.1.1",
        "contentHash": "fSKTWESZz6X77hgi711WM07P1QTRDaH0NJwe9Uf77pXNpDEOsGTlFvaXNnbDbBwVWdfAkcyPaxUvQK5kwwQudw==",
        "dependencies": {
          "Microsoft.QualityTools.Testing.Fakes": "18.1.1",
          "Microsoft.Testing.Platform": "1.2.1"
        }
      },
      "Microsoft.Testing.Extensions.GitHubActionsReport": {
        "type": "Direct",
        "requested": "[2.4.1, )",
        "resolved": "2.4.1",
        "contentHash": "YxEopj6xrG5Lk8OkRZri3E89DUHTA3ux0pAcMy74izHtUZtGCBgQuTm/EmVFpKQvrZtRNMMXUMht3GW0V4mXZg==",
        "dependencies": {
          "Microsoft.Testing.Platform": "[2.4.1, 3.0.0)"
        }
      },
      "Microsoft.Testing.Extensions.HangDump": {
        "type": "Direct",
        "requested": "[2.4.1, )",
        "resolved": "2.4.1",
        "contentHash": "ViQa60PnKgnHsWI66CGPeYv71RSs1e1e6XJgNbP+aD+uaJMJ6jn6t+6/14OVvPC9luVtJwqWyvdJW942mSxQHg==",
        "dependencies": {
          "Microsoft.Diagnostics.NETCore.Client": "0.2.607501",
          "Microsoft.Testing.Platform": "[2.4.1, 3.0.0)"
        }
      },
      "Microsoft.Testing.Extensions.HotReload": {
        "type": "Direct",
        "requested": "[2.4.1, )",
        "resolved": "2.4.1",
        "contentHash": "eT34KHIt+KCtCjkvdglvfjuqrJmHV6v3840M10DKd93InGMcX/vm6ZLpZCDp7yyP+61/nuW0LJKB/LwBXDSq3w==",
        "dependencies": {
          "Microsoft.Testing.Platform": "[2.4.1, 3.0.0)"
        }
      },
      "Microsoft.Testing.Extensions.HtmlReport": {
        "type": "Direct",
        "requested": "[2.4.1, )",
        "resolved": "2.4.1",
        "contentHash": "m9ds2LZBV06TXx3lBKzOtdD9ph9AWFgke9fgBKUXtm4LWXLUPHrmpzSMmHYn5YzjIl7pLyV0i0X/FUyQTON5Zg==",
        "dependencies": {
          "Microsoft.Testing.Platform": "[2.4.1, 3.0.0)"
        }
      },
      "Microsoft.Testing.Extensions.JUnitReport": {
        "type": "Direct",
        "requested": "[1.0.0-alpha.26466.3, )",
        "resolved": "1.0.0-alpha.26466.3",
        "contentHash": "yqJ7CvIrPfJER5tpe1P2vLQRfVHab9/bgF2cXE7bR2rTRGTAhV5qyhRl5ZWUkeK9dDozUOrNcMxEY4cRosCFrw==",
        "dependencies": {
          "Microsoft.Testing.Platform": "[2.4.1, 3.0.0)"
        }
      },
      "Microsoft.Testing.Extensions.Retry": {
        "type": "Direct",
        "requested": "[2.4.1, )",
        "resolved": "2.4.1",
        "contentHash": "dmLu2ZQtZT2yMCRI+5Yth2K5ZiswlE9M0fKGqFf26uX+gUs+ABwmqeJ1DijSF9cv8xaewPaoK7bv8Pnca26QEg==",
        "dependencies": {
          "Microsoft.Testing.Platform": "[2.4.1, 3.0.0)"
        }
      },
      "Microsoft.Testing.Extensions.TrxReport": {
        "type": "Direct",
        "requested": "[2.4.1, )",
        "resolved": "2.4.1",
        "contentHash": "KGAvJKRqhod45ecH4L1cCKIjGrzziUcLo3L4hRlfOg/Ww2Q7MnA30qHY2rnKzGyLVWf91tc2VleGe8c33FmPaQ==",
        "dependencies": {
          "Microsoft.Testing.Extensions.TrxReport.Abstractions": "2.4.1",
          "Microsoft.Testing.Platform": "[2.4.1, 3.0.0)"
        }
      },
      "Microsoft.VisualStudio.Threading.Analyzers": {
        "type": "Direct",
        "requested": "[18.7.23, )",
        "resolved": "18.7.23",
        "contentHash": "dyj6z8m+LFjpeH69hdnciCcRCmD0YgMlvuQEywiEshjqj/blgQ+PuWX8Vd5gkWQFoBN4e+TFxx6DvGNSv/gIKg=="
      },
      "MSTest.TestAdapter": {
        "type": "Direct",
        "requested": "[4.4.1, )",
        "resolved": "4.4.1",
        "contentHash": "UmeQj3uPc+R/Vu1pEHN6ZLQAsUlzCx9BkGH6HOQLILQFjjsFELettj1naMKJhKYyouSXiZum3shUeAF4QqyixA==",
        "dependencies": {
          "MSTest.TestFramework": "4.4.1",
          "Microsoft.TestPlatform.ObjectModel": "18.9.0",
          "Microsoft.Testing.Extensions.Telemetry": "2.4.1",
          "Microsoft.Testing.Extensions.TrxReport.Abstractions": "2.4.1",
          "Microsoft.Testing.Platform.MSBuild": "2.4.1"
        }
      },
      "MSTest.TestFramework": {
        "type": "Direct",
        "requested": "[4.4.1, )",
        "resolved": "4.4.1",
        "contentHash": "zHyMqhT9A1qihb0S6qyFFEYze0GWC6FzkdoFqUYlSg89fIs/A/KQBWlkM0JNb43fKDskQU2OuFNKZFuXzRCvYg==",
        "dependencies": {
          "MSTest.Analyzers": "4.4.1"
        }
      },
      "Microsoft.ApplicationInsights": {
        "type": "Transitive",
        "resolved": "2.23.0",
        "contentHash": "nWArUZTdU7iqZLycLKWe0TDms48KKGE6pONH2terYNa8REXiqixrMOkf1sk5DHGMaUTqONU2YkS4SAXBhLStgw=="
      },
      "Microsoft.Diagnostics.NETCore.Client": {
        "type": "Transitive",
        "resolved": "0.2.607501",
        "contentHash": "17Yxzao41A1oZZ5lCCAnnXOy9up5i/GVEGazBjJAUZ4UISsNAotUt6h7zvCDgfKIC46CD7jszgLzLZoscSIJQA==",
        "dependencies": {
          "Microsoft.Extensions.Logging.Abstractions": "6.0.4"
        }
      },
      "Microsoft.DiaSymReader": {
        "type": "Transitive",
        "resolved": "2.2.10",
        "contentHash": "zmGsm6b2y3STDa/Of7rdkkfTDV8VuGB8aCqIkLoJIQh5tL78K3zJ8OUyFKnfsaORXmGr9iOKwDkZfUjeXi+CwA=="
      },
      "Microsoft.Extensions.DependencyInjection.Abstractions": {
        "type": "Transitive",
        "resolved": "10.0.12",
        "contentHash": "9/qymSh7hVDMGTGwrLz8MRp5zRyXy9adGDOs4HwRdnLil3oZGYuWeZjbmHgCQ9BL1qBroVfgUK3U/nb61617Cw=="
      },
      "Microsoft.Extensions.DependencyModel": {
        "type": "Transitive",
        "resolved": "10.0.10",
        "contentHash": "rfZA1RjR021RPqSmIPovfz2aOd79TGqJ9BengbjnzIISOVwjLmuSDnhCMmiY/1c6iYvGolQ1iNGzkav0u11XEA=="
      },
      "Microsoft.Extensions.FileSystemGlobbing": {
        "type": "Transitive",
        "resolved": "9.0.4",
        "contentHash": "05Lh2ItSk4mzTdDWATW9nEcSybwprN8Tz42Fs5B+jwdXUpauktdAQUI1Am4sUQi2C63E5hvQp8gXvfwfg9mQGQ=="
      },
      "Microsoft.QualityTools.Testing.Fakes": {
        "type": "Transitive",
        "resolved": "18.1.1",
        "contentHash": "xma7D9ZX4EtbBEUNj29toDfM7nVKZM3Wd9NjjoWcF6SwZZ9EWh7W/WUK1AdPy73cRG8S/e5PTrsxqFZA52/aHg==",
        "dependencies": {
          "System.Security.Permissions": "8.0.0"
        }
      },
      "Microsoft.Testing.Extensions.Telemetry": {
        "type": "Transitive",
        "resolved": "2.4.1",
        "contentHash": "C+bq5ydHrBNCDXjvFtRa1/JcAS2Wq2dpXOnzy/TFYC8qb1dDEgB1XhQayBaYE/5BKviikByHb7mth8P+qJaOJw==",
        "dependencies": {
          "Microsoft.ApplicationInsights": "2.23.0",
          "Microsoft.Testing.Platform": "[2.4.1, 3.0.0)"
        }
      },
      "Microsoft.Testing.Extensions.TrxReport.Abstractions": {
        "type": "Transitive",
        "resolved": "2.4.1",
        "contentHash": "tDxLLic2IfeChbyo8oeGZj/eBdFpPe3Dp80hUoIOefSCqqMHbsob+lX1TfFWV75PJCPouxj2zz0zzPHZxiM4nQ==",
        "dependencies": {
          "Microsoft.Testing.Platform": "[2.4.1, 3.0.0)"
        }
      },
      "Microsoft.Testing.Platform": {
        "type": "Transitive",
        "resolved": "2.4.1",
        "contentHash": "3nW9NyhN1BnHRF994DCOOUQCqVA9pDT+gPpbuhI/xUntZnGnXO4ySovKxFlFuoT/48pnI74LK/DeKVlve1L3VQ=="
      },
      "Microsoft.Testing.Platform.MSBuild": {
        "type": "Transitive",
        "resolved": "2.4.1",
        "contentHash": "K4W2hAATe9wA1xt4oEZWmUsnQqnLD5H18NXKsm81xclf9PI4AHieb3DxJpE/2uA6Xl9DtjpLXif7/9Sn8Y2y7w==",
        "dependencies": {
          "Microsoft.Testing.Platform": "[2.4.1, 3.0.0)"
        }
      },
      "Microsoft.TestPlatform.ObjectModel": {
        "type": "Transitive",
        "resolved": "18.9.0",
        "contentHash": "Fz/qXC52VXXopzHj7v2reCKcCqSxkTDCkEDfkNAH0vni/7qK/KLMiEYtRmnUanxO2F2g2zZZ60qCpxF0AF7URA=="
      },
      "Microsoft.VisualStudio.Threading.Only": {
        "type": "Transitive",
        "resolved": "18.7.23",
        "contentHash": "iOaVAQLPt1KxFyYqZqKxqNu8BgQUiPLNeT8XhX+549eWaGw49e1MxjlkjTIBwvlfrU4lPp+Nm99oRpmsgN7RJw==",
        "dependencies": {
          "Microsoft.VisualStudio.Validation": "17.13.22"
        }
      },
      "Microsoft.VisualStudio.Validation": {
        "type": "Transitive",
        "resolved": "17.13.22",
        "contentHash": "fC20ITOxlUpGQ0ltAxITQbeFxwuB6OjLT3lByC4+/Gm46o/Mwv9hlIVrBhiUhnqdQzUUvr4EHkdiYe7WOSMLmw=="
      },
      "MSTest.Analyzers": {
        "type": "Transitive",
        "resolved": "4.4.1",
        "contentHash": "Ccu+MKGCRCV2OauQjEIT0XeyP+AtOYyQNuhVI+yPUjJD6RQGi+lOkE8xz+gqe1IK3KiosQy7ZS+022tUTO4K1w=="
      },
      "System.Security.Permissions": {
        "type": "Transitive",
        "resolved": "8.0.0",
        "contentHash": "v/BBylw7XevuAsHXoX9dDUUfmBIcUf7Lkz8K3ZXIKz3YRKpw8YftpSir4n4e/jDTKFoaK37AsC3xnk+GNFI1Ow==",
        "dependencies": {
          "System.Windows.Extensions": "8.0.0"
        }
      },
      "System.Windows.Extensions": {
        "type": "Transitive",
        "resolved": "8.0.0",
        "contentHash": "Obg3a90MkOw9mYKxrardLpY2u0axDMrSmy4JCdq2cYbelM2cUwmUir5Bomvd1yxmPL9h5LVHU1tuKBZpUjfASg=="
      },
      "tasknotes.core.bindings": {
        "type": "Project"
      },
      "tasknotes.windows.host": {
        "type": "Project",
        "dependencies": {
          "Microsoft.Extensions.Logging.Abstractions": "[10.0.12, )",
          "Microsoft.VisualStudio.Threading": "[18.7.23, )",
          "TaskNotes.Core.Bindings": "[1.0.0, )"
        }
      },
      "tasknotes.windows.presentation": {
        "type": "Project",
        "dependencies": {
          "CommunityToolkit.Mvvm": "[8.4.2, )",
          "Microsoft.Extensions.Logging.Abstractions": "[10.0.12, )",
          "TaskNotes.Windows.Host": "[1.0.0, )"
        }
      },
      "CommunityToolkit.Mvvm": {
        "type": "CentralTransitive",
        "requested": "[8.4.2, )",
        "resolved": "8.4.2",
        "contentHash": "WadCzGEc2U+3e20avRLng4qNtt4zoOGWrdUISqJWrHe3/FSnrYjuM5Sb4yQb09LhkBXrrI4Zt3dLKgRMbItsrg=="
      },
      "Microsoft.Extensions.Logging.Abstractions": {
        "type": "CentralTransitive",
        "requested": "[10.0.12, )",
        "resolved": "10.0.12",
        "contentHash": "+24lC4plfbEDNfLAdTV/SWKS7dW+16X4HdydO3R++134kSNTzcbYA4KpR1Hdh6uWisB8Za3AzwyOn+K+NxWIug==",
        "dependencies": {
          "Microsoft.Extensions.DependencyInjection.Abstractions": "10.0.12"
        }
      },
      "Microsoft.VisualStudio.Threading": {
        "type": "CentralTransitive",
        "requested": "[18.7.23, )",
        "resolved": "18.7.23",
        "contentHash": "IiK1otNipjvDIk8SClYwOP1uRZLpVA3luVMKSTPhhjhxqv2pp8/tzfLy/IB7HW+voeEodCTHh0q9LbLIBdGNKA==",
        "dependencies": {
          "Microsoft.VisualStudio.Threading.Analyzers": "18.7.23",
          "Microsoft.VisualStudio.Threading.Only": "18.7.23",
          "Microsoft.VisualStudio.Validation": "17.13.22"
        }
      }
    }
  }
}
