# This is a Gradle generated file for dependency locking.
# Manual edits can break the build and are not advised.
# This file is expected to be part of source control.
# To regenerate this file, run: ./gradlew :economy:dependencies --write-locks
biz.aQute.bnd:biz.aQute.bnd.annotation:7.1.0=compileClasspath,testCompileClasspath
com.fasterxml.jackson.core:jackson-annotations:2.22=compileClasspath,mainPmdAuxClasspath,runtimeClasspath,testCompileClasspath,testPmdAuxClasspath,testRuntimeClasspath
com.github.ben-manes.caffeine:caffeine:3.0.5=annotationProcessor,testAnnotationProcessor
com.github.kevinstern:software-and-algorithms:1.0=annotationProcessor,testAnnotationProcessor
com.github.oowekyala.ooxml:nice-xml-messages:3.1=pmd
com.google.auto.service:auto-service-annotations:1.0.1=annotationProcessor,testAnnotationProcessor
com.google.auto.service:auto-service-annotations:1.1.1=compileClasspath,testCompileClasspath
com.google.auto.value:auto-value-annotations:1.9=annotationProcessor,testAnnotationProcessor
com.google.auto:auto-common:1.2.2=annotationProcessor,testAnnotationProcessor
com.google.code.gson:gson:2.14.0=compileClasspath,mainPmdAuxClasspath,pmd,testCompileClasspath,testPmdAuxClasspath,testRuntimeClasspath
com.google.errorprone:error_prone_annotation:2.50.0=annotationProcessor,testAnnotationProcessor
com.google.errorprone:error_prone_annotations:2.48.0=compileClasspath,mainPmdAuxClasspath,pmd,testCompileClasspath,testPmdAuxClasspath,testRuntimeClasspath
com.google.errorprone:error_prone_annotations:2.50.0=annotationProcessor,testAnnotationProcessor
com.google.errorprone:error_prone_check_api:2.50.0=annotationProcessor,testAnnotationProcessor
com.google.errorprone:error_prone_core:2.50.0=annotationProcessor,testAnnotationProcessor
com.google.googlejavaformat:google-java-format:1.35.0=annotationProcessor,testAnnotationProcessor
com.google.guava:failureaccess:1.0.3=annotationProcessor,compileClasspath,mainPmdAuxClasspath,testAnnotationProcessor,testCompileClasspath,testPmdAuxClasspath,testRuntimeClasspath
com.google.guava:guava:33.6.0-jre=annotationProcessor,compileClasspath,mainPmdAuxClasspath,testAnnotationProcessor,testCompileClasspath,testPmdAuxClasspath,testRuntimeClasspath
com.google.guava:listenablefuture:9999.0-empty-to-avoid-conflict-with-guava=annotationProcessor,compileClasspath,mainPmdAuxClasspath,testAnnotationProcessor,testCompileClasspath,testPmdAuxClasspath,testRuntimeClasspath
com.google.j2objc:j2objc-annotations:3.1=annotationProcessor,compileClasspath,mainPmdAuxClasspath,testAnnotationProcessor,testCompileClasspath,testPmdAuxClasspath,testRuntimeClasspath
com.google.protobuf:protobuf-java:4.33.2=annotationProcessor,testAnnotationProcessor
com.mojang:brigadier:1.3.10=compileClasspath,mainPmdAuxClasspath,testCompileClasspath,testPmdAuxClasspath,testRuntimeClasspath
com.uber.nullaway:nullaway:0.14.2=annotationProcessor,testAnnotationProcessor
com.zaxxer:HikariCP:7.1.0=mainPmdAuxClasspath,runtimeClasspath,testPmdAuxClasspath,testRuntimeClasspath
commons-codec:commons-codec:1.16.0=mainPmdAuxClasspath,testPmdAuxClasspath,testRuntimeClasspath
io.github.eisop:dataflow-errorprone:3.41.0-eisop1=annotationProcessor,testAnnotationProcessor
io.github.java-diff-utils:java-diff-utils:4.12=annotationProcessor,testAnnotationProcessor
io.papermc.paper:paper-api:26.2.build.129-stable=compileClasspath,mainPmdAuxClasspath,testCompileClasspath,testPmdAuxClasspath,testRuntimeClasspath
io.r2dbc:r2dbc-spi:1.0.0.RELEASE=compileClasspath,mainPmdAuxClasspath,runtimeClasspath,testCompileClasspath,testPmdAuxClasspath,testRuntimeClasspath
it.unimi.dsi:fastutil:8.5.18=compileClasspath,mainPmdAuxClasspath,testCompileClasspath,testPmdAuxClasspath,testRuntimeClasspath
javax.inject:javax.inject:1=annotationProcessor,compileClasspath,mainPmdAuxClasspath,testAnnotationProcessor,testCompileClasspath,testPmdAuxClasspath,testRuntimeClasspath
net.bytebuddy:byte-buddy:1.18.11=testPmdAuxClasspath,testRuntimeClasspath
net.bytebuddy:byte-buddy:1.18.3=testCompileClasspath
net.kyori:adventure-api:5.2.0=compileClasspath,mainPmdAuxClasspath,testCompileClasspath,testPmdAuxClasspath,testRuntimeClasspath
net.kyori:adventure-bom:5.2.0=compileClasspath,mainPmdAuxClasspath,testCompileClasspath,testPmdAuxClasspath,testRuntimeClasspath
net.kyori:adventure-key:5.2.0=compileClasspath,mainPmdAuxClasspath,testCompileClasspath,testPmdAuxClasspath,testRuntimeClasspath
net.kyori:adventure-text-logger-slf4j:5.2.0=compileClasspath,mainPmdAuxClasspath,testCompileClasspath,testPmdAuxClasspath,testRuntimeClasspath
net.kyori:adventure-text-minimessage:5.2.0=compileClasspath,mainPmdAuxClasspath,testCompileClasspath,testPmdAuxClasspath,testRuntimeClasspath
net.kyori:adventure-text-serializer-commons:5.2.0=mainPmdAuxClasspath,testPmdAuxClasspath,testRuntimeClasspath
net.kyori:adventure-text-serializer-gson:5.2.0=compileClasspath,mainPmdAuxClasspath,testCompileClasspath,testPmdAuxClasspath,testRuntimeClasspath
net.kyori:adventure-text-serializer-json:5.2.0=compileClasspath,mainPmdAuxClasspath,testCompileClasspath,testPmdAuxClasspath,testRuntimeClasspath
net.kyori:adventure-text-serializer-legacy:5.2.0=compileClasspath,mainPmdAuxClasspath,testCompileClasspath,testPmdAuxClasspath,testRuntimeClasspath
net.kyori:adventure-text-serializer-plain:5.2.0=compileClasspath,mainPmdAuxClasspath,testCompileClasspath,testPmdAuxClasspath,testRuntimeClasspath
net.kyori:option:1.1.0=compileClasspath,mainPmdAuxClasspath,testCompileClasspath,testPmdAuxClasspath,testRuntimeClasspath
net.md-5:bungeecord-chat:1.21-R0.2-deprecated+build.21=compileClasspath,mainPmdAuxClasspath,testCompileClasspath,testPmdAuxClasspath,testRuntimeClasspath
net.sf.saxon:Saxon-HE:12.10=pmd
net.sourceforge.pmd:pmd-ant:7.27.0=pmd
net.sourceforge.pmd:pmd-core:7.27.0=pmd
net.sourceforge.pmd:pmd-java:7.27.0=pmd
org.antlr:antlr4-runtime:4.13.2=pmd
org.apache.commons:commons-lang3:3.12.0=compileClasspath,mainPmdAuxClasspath,testCompileClasspath,testPmdAuxClasspath,testRuntimeClasspath
org.apache.commons:commons-lang3:3.20.0=pmd
org.apache.httpcomponents:httpclient:4.5.14=mainPmdAuxClasspath,testPmdAuxClasspath,testRuntimeClasspath
org.apache.httpcomponents:httpcore:4.4.16=mainPmdAuxClasspath,testPmdAuxClasspath,testRuntimeClasspath
org.apache.logging.log4j:log4j-api:2.26.0=compileClasspath,mainPmdAuxClasspath,testCompileClasspath,testPmdAuxClasspath,testRuntimeClasspath
org.apache.maven.resolver:maven-resolver-api:1.9.18=compileClasspath,mainPmdAuxClasspath,testCompileClasspath,testPmdAuxClasspath,testRuntimeClasspath
org.apache.maven.resolver:maven-resolver-connector-basic:1.9.18=mainPmdAuxClasspath,testPmdAuxClasspath,testRuntimeClasspath
org.apache.maven.resolver:maven-resolver-impl:1.9.18=compileClasspath,mainPmdAuxClasspath,testCompileClasspath,testPmdAuxClasspath,testRuntimeClasspath
org.apache.maven.resolver:maven-resolver-named-locks:1.9.18=compileClasspath,mainPmdAuxClasspath,testCompileClasspath,testPmdAuxClasspath,testRuntimeClasspath
org.apache.maven.resolver:maven-resolver-spi:1.9.18=compileClasspath,mainPmdAuxClasspath,testCompileClasspath,testPmdAuxClasspath,testRuntimeClasspath
org.apache.maven.resolver:maven-resolver-transport-http:1.9.18=mainPmdAuxClasspath,testPmdAuxClasspath,testRuntimeClasspath
org.apache.maven.resolver:maven-resolver-util:1.9.18=compileClasspath,mainPmdAuxClasspath,testCompileClasspath,testPmdAuxClasspath,testRuntimeClasspath
org.apache.maven:maven-artifact:3.9.6=compileClasspath,mainPmdAuxClasspath,testCompileClasspath,testPmdAuxClasspath,testRuntimeClasspath
org.apache.maven:maven-builder-support:3.9.6=compileClasspath,mainPmdAuxClasspath,testCompileClasspath,testPmdAuxClasspath,testRuntimeClasspath
org.apache.maven:maven-model-builder:3.9.6=compileClasspath,mainPmdAuxClasspath,testCompileClasspath,testPmdAuxClasspath,testRuntimeClasspath
org.apache.maven:maven-model:3.9.6=compileClasspath,mainPmdAuxClasspath,testCompileClasspath,testPmdAuxClasspath,testRuntimeClasspath
org.apache.maven:maven-repository-metadata:3.9.6=compileClasspath,mainPmdAuxClasspath,testCompileClasspath,testPmdAuxClasspath,testRuntimeClasspath
org.apache.maven:maven-resolver-provider:3.9.6=compileClasspath,mainPmdAuxClasspath,testCompileClasspath,testPmdAuxClasspath,testRuntimeClasspath
org.apiguardian:apiguardian-api:1.1.2=testCompileClasspath
org.assertj:assertj-core:3.27.7=testCompileClasspath,testPmdAuxClasspath,testRuntimeClasspath
org.checkerframework:checker-qual:3.49.2=compileClasspath,testCompileClasspath
org.checkerframework:checker-qual:3.55.1=pmd
org.checkerframework:checker-qual:4.2.3=annotationProcessor,testAnnotationProcessor
org.checkerframework:dataflow-nullaway:4.2.3=annotationProcessor,testAnnotationProcessor
org.codehaus.plexus:plexus-interpolation:1.26=compileClasspath,mainPmdAuxClasspath,testCompileClasspath,testPmdAuxClasspath,testRuntimeClasspath
org.codehaus.plexus:plexus-utils:3.5.1=compileClasspath,mainPmdAuxClasspath,testCompileClasspath,testPmdAuxClasspath,testRuntimeClasspath
org.eclipse.sisu:org.eclipse.sisu.inject:0.9.0.M2=compileClasspath,mainPmdAuxClasspath,testCompileClasspath,testPmdAuxClasspath,testRuntimeClasspath
org.flywaydb:flyway-core:13.8.0=mainPmdAuxClasspath,runtimeClasspath,testPmdAuxClasspath,testRuntimeClasspath
org.hamcrest:hamcrest:3.0=testCompileClasspath,testPmdAuxClasspath,testRuntimeClasspath
org.jacoco:org.jacoco.agent:0.8.15=jacocoAgent,jacocoAnt
org.jacoco:org.jacoco.ant:0.8.15=jacocoAnt
org.jacoco:org.jacoco.core:0.8.15=jacocoAnt
org.jacoco:org.jacoco.report:0.8.15=jacocoAnt
org.jetbrains:annotations:26.1.0=compileClasspath,testCompileClasspath,testPmdAuxClasspath,testRuntimeClasspath
org.joml:joml:1.10.8=compileClasspath,mainPmdAuxClasspath,testCompileClasspath,testPmdAuxClasspath,testRuntimeClasspath
org.jooq:jooq:3.21.8=compileClasspath,mainPmdAuxClasspath,runtimeClasspath,testCompileClasspath,testPmdAuxClasspath,testRuntimeClasspath
org.jspecify:jspecify:1.0.0=testRuntimeClasspath
org.jspecify:jspecify:1.0.1=annotationProcessor,compileClasspath,mainPmdAuxClasspath,testAnnotationProcessor,testCompileClasspath,testPmdAuxClasspath
org.junit.jupiter:junit-jupiter-api:6.1.3=testCompileClasspath,testPmdAuxClasspath,testRuntimeClasspath
org.junit.jupiter:junit-jupiter-engine:6.1.3=testPmdAuxClasspath,testRuntimeClasspath
org.junit.jupiter:junit-jupiter-params:6.1.3=testCompileClasspath,testPmdAuxClasspath,testRuntimeClasspath
org.junit.jupiter:junit-jupiter:6.1.3=testCompileClasspath,testPmdAuxClasspath,testRuntimeClasspath
org.junit.platform:junit-platform-commons:6.1.3=testCompileClasspath,testPmdAuxClasspath,testRuntimeClasspath
org.junit.platform:junit-platform-engine:6.1.3=testPmdAuxClasspath,testRuntimeClasspath
org.junit.platform:junit-platform-launcher:6.1.3=testRuntimeClasspath
org.junit:junit-bom:6.1.3=testCompileClasspath,testPmdAuxClasspath,testRuntimeClasspath
org.mockbukkit.mockbukkit:mockbukkit-v26.2:4.116.1=testCompileClasspath,testPmdAuxClasspath,testRuntimeClasspath
org.opentest4j:opentest4j:1.3.0=testCompileClasspath,testPmdAuxClasspath,testRuntimeClasspath
org.osgi:org.osgi.annotation.bundle:2.0.0=compileClasspath,testCompileClasspath
org.osgi:org.osgi.annotation.versioning:1.1.2=compileClasspath,testCompileClasspath
org.osgi:org.osgi.resource:1.0.0=compileClasspath,testCompileClasspath
org.osgi:org.osgi.service.serviceloader:1.0.0=compileClasspath,testCompileClasspath
org.ow2.asm:asm-commons:9.10.1=jacocoAnt
org.ow2.asm:asm-tree:9.10.1=jacocoAnt
org.ow2.asm:asm:9.10.1=jacocoAnt,pmd
org.pcollections:pcollections:4.0.1=annotationProcessor,testAnnotationProcessor
org.pcollections:pcollections:4.0.2=pmd
org.reactivestreams:reactive-streams:1.0.3=compileClasspath,mainPmdAuxClasspath,runtimeClasspath,testCompileClasspath,testPmdAuxClasspath,testRuntimeClasspath
org.slf4j:jcl-over-slf4j:1.7.36=mainPmdAuxClasspath,testPmdAuxClasspath,testRuntimeClasspath
org.slf4j:jul-to-slf4j:1.7.36=pmd
org.slf4j:slf4j-api:2.0.17=compileClasspath,mainPmdAuxClasspath,runtimeClasspath,testCompileClasspath,testPmdAuxClasspath,testRuntimeClasspath
org.snakeyaml:snakeyaml-engine:3.0.1=compileClasspath,mainPmdAuxClasspath,runtimeClasspath,testCompileClasspath,testPmdAuxClasspath,testRuntimeClasspath
org.xerial:sqlite-jdbc:3.53.4.0=mainPmdAuxClasspath,runtimeClasspath,testPmdAuxClasspath,testRuntimeClasspath
org.xmlresolver:xmlresolver:5.3.3=pmd
org.yaml:snakeyaml:2.2=compileClasspath,mainPmdAuxClasspath,testCompileClasspath,testPmdAuxClasspath,testRuntimeClasspath
tech.picnic.error-prone-support:error-prone-contrib:0.30.0=annotationProcessor,testAnnotationProcessor
tech.picnic.error-prone-support:error-prone-utils:0.30.0=annotationProcessor,testAnnotationProcessor
tech.picnic.error-prone-support:refaster-support:0.30.0=annotationProcessor,testAnnotationProcessor
tools.jackson.core:jackson-core:3.2.3=compileClasspath,mainPmdAuxClasspath,runtimeClasspath,testCompileClasspath,testPmdAuxClasspath,testRuntimeClasspath
tools.jackson.core:jackson-databind:3.2.3=compileClasspath,mainPmdAuxClasspath,runtimeClasspath,testCompileClasspath,testPmdAuxClasspath,testRuntimeClasspath
tools.jackson.dataformat:jackson-dataformat-yaml:3.2.3=compileClasspath,mainPmdAuxClasspath,runtimeClasspath,testCompileClasspath,testPmdAuxClasspath,testRuntimeClasspath
tools.jackson:jackson-bom:3.2.3=compileClasspath,mainPmdAuxClasspath,runtimeClasspath,testCompileClasspath,testPmdAuxClasspath,testRuntimeClasspath
empty=
